# THIS IS AN AUTOGENERATED FILE. DO NOT EDIT THIS FILE DIRECTLY.
# yarn lockfile v1


ansicolor@^1.1.93:
  version "1.1.93"
  resolved "https://registry.yarnpkg.com/ansicolor/-/ansicolor-1.1.93.tgz#85f0d0925d84fa4aa1b3369b75a1376902416fec"
  integrity sha512-4dhht0A3T3i+wshSm1kUnJySJnMfaV9Y4O27PcIVQkQR73ska32ddhxxJBIgs+ghvDOs5wpLthiA88VM9SyzPw==
